
Microsoft Visual Studio Solution File, Format Version 12.00
# Visual Studio Version 16
VisualStudioVersion = 16.0.30011.22
MinimumVisualStudioVersion = 10.0.40219.1
Project("{FAE04EC0-301F-11D3-BF4B-00C04F79EFBC}") = "SchoolInformationSystem", "SchoolInformationSystem.csproj", "{EDA86468-F94A-4FFA-BACA-6DA2B5FDC100}"
EndProject
Global
	GlobalSection(SolutionConfigurationPlatforms) = preSolution
		Debug|Any CPU = Debug|Any CPU
		Release|Any CPU = Release|Any CPU
	EndGlobalSection
	GlobalSection(ProjectConfigurationPlatforms) = postSolution
		{EDA86468-F94A-4FFA-BACA-6DA2B5FDC100}.Debug|Any CPU.ActiveCfg = Debug|Any CPU
		{EDA86468-F94A-4FFA-BACA-6DA2B5FDC100}.Debug|Any CPU.Build.0 = Debug|Any CPU
		{EDA86468-F94A-4FFA-BACA-6DA2B5FDC100}.Release|Any CPU.ActiveCfg = Release|Any CPU
		{EDA86468-F94A-4FFA-BACA-6DA2B5FDC100}.Release|Any CPU.Build.0 = Release|Any CPU
	EndGlobalSection
	GlobalSection(SolutionProperties) = preSolution
		HideSolutionNode = FALSE
	EndGlobalSection
	GlobalSection(ExtensibilityGlobals) = postSolution
		SolutionGuid = {F33FEDA3-B513-4BBF-A8DB-6DED2206FB15}
	EndGlobalSection
EndGlobal
